
Microsoft Visual Studio Solution File, Format Version 12.00
# Visual Studio Version 16
VisualStudioVersion = 16.0.31729.503
MinimumVisualStudioVersion = 10.0.40219.1
Project("{FAE04EC0-301F-11D3-BF4B-00C04F79EFBC}") = "Cocina", "Cocina\Cocina.csproj", "{085243AA-03EE-45FF-A55C-9297FE6F8154}"
EndProject
Project("{FAE04EC0-301F-11D3-BF4B-00C04F79EFBC}") = "Controlador", "Controlador\Controlador.csproj", "{B2027406-5962-48DA-AB77-AA1D50CB628D}"
EndProject
Project("{FAE04EC0-301F-11D3-BF4B-00C04F79EFBC}") = "Modelo", "Modelo\Modelo.csproj", "{67E68194-C8B1-4A62-9B6C-018D4482B2AB}"
EndProject
Global
	GlobalSection(SolutionConfigurationPlatforms) = preSolution
		Debug|Any CPU = Debug|Any CPU
		Release|Any CPU = Release|Any CPU
	EndGlobalSection
	GlobalSection(ProjectConfigurationPlatforms) = postSolution
		{085243AA-03EE-45FF-A55C-9297FE6F8154}.Debug|Any CPU.ActiveCfg = Debug|Any CPU
		{085243AA-03EE-45FF-A55C-9297FE6F8154}.Debug|Any CPU.Build.0 = Debug|Any CPU
		{085243AA-03EE-45FF-A55C-9297FE6F8154}.Release|Any CPU.ActiveCfg = Release|Any CPU
		{085243AA-03EE-45FF-A55C-9297FE6F8154}.Release|Any CPU.Build.0 = Release|Any CPU
		{B2027406-5962-48DA-AB77-AA1D50CB628D}.Debug|Any CPU.ActiveCfg = Debug|Any CPU
		{B2027406-5962-48DA-AB77-AA1D50CB628D}.Debug|Any CPU.Build.0 = Debug|Any CPU
		{B2027406-5962-48DA-AB77-AA1D50CB628D}.Release|Any CPU.ActiveCfg = Release|Any CPU
		{B2027406-5962-48DA-AB77-AA1D50CB628D}.Release|Any CPU.Build.0 = Release|Any CPU
		{67E68194-C8B1-4A62-9B6C-018D4482B2AB}.Debug|Any CPU.ActiveCfg = Debug|Any CPU
		{67E68194-C8B1-4A62-9B6C-018D4482B2AB}.Debug|Any CPU.Build.0 = Debug|Any CPU
		{67E68194-C8B1-4A62-9B6C-018D4482B2AB}.Release|Any CPU.ActiveCfg = Release|Any CPU
		{67E68194-C8B1-4A62-9B6C-018D4482B2AB}.Release|Any CPU.Build.0 = Release|Any CPU
	EndGlobalSection
	GlobalSection(SolutionProperties) = preSolution
		HideSolutionNode = FALSE
	EndGlobalSection
	GlobalSection(ExtensibilityGlobals) = postSolution
		SolutionGuid = {F633DDD5-06B8-491D-8AD6-40937CA267D7}
	EndGlobalSection
EndGlobal
